
Microsoft Visual Studio Solution File, Format Version 12.00
# Visual Studio 15
VisualStudioVersion = 15.0.27703.2042
MinimumVisualStudioVersion = 10.0.40219.1
Project("{FAE04EC0-301F-11D3-BF4B-00C04F79EFBC}") = "subtitle-renamer", "subtitle-renamer.csproj", "{06B9BC3C-FF7F-4230-B219-BD8D00C0C958}"
EndProject
Global
	GlobalSection(SolutionConfigurationPlatforms) = preSolution
		Debug|Any CPU = Debug|Any CPU
		Release|Any CPU = Release|Any CPU
	EndGlobalSection
	GlobalSection(ProjectConfigurationPlatforms) = postSolution
		{06B9BC3C-FF7F-4230-B219-BD8D00C0C958}.Debug|Any CPU.ActiveCfg = Debug|Any CPU
		{06B9BC3C-FF7F-4230-B219-BD8D00C0C958}.Debug|Any CPU.Build.0 = Debug|Any CPU
		{06B9BC3C-FF7F-4230-B219-BD8D00C0C958}.Release|Any CPU.ActiveCfg = Release|Any CPU
		{06B9BC3C-FF7F-4230-B219-BD8D00C0C958}.Release|Any CPU.Build.0 = Release|Any CPU
	EndGlobalSection
	GlobalSection(SolutionProperties) = preSolution
		HideSolutionNode = FALSE
	EndGlobalSection
	GlobalSection(ExtensibilityGlobals) = postSolution
		SolutionGuid = {A3DDBB16-BD42-475D-A579-30F57B813A84}
	EndGlobalSection
EndGlobal
